// !$*UTF8*$!
{
	archiveVersion = 1;
	classes = {
	};
	objectVersion = 77;
	objects = {

/* Begin PBXContainerItemProxy section */
		3CB8B7FA2E4F859F00B8BE5B /* PBXContainerItemProxy */ = {
			isa = PBXContainerItemProxy;
			containerPortal = 3CB8B7E02E4F859D00B8BE5B /* Project object */;
			proxyType = 1;
			remoteGlobalIDString = 3CB8B7E72E4F859D00B8BE5B;
			remoteInfo = HayHuman;
		};
		3CB8B8042E4F859F00B8BE5B /* PBXContainerItemProxy */ = {
			isa = PBXContainerItemProxy;
			containerPortal = 3CB8B7E02E4F859D00B8BE5B /* Project object */;
			proxyType = 1;
			remoteGlobalIDString = 3CB8B7E72E4F859D00B8BE5B;
			remoteInfo = HayHuman;
		};
/* End PBXContainerItemProxy section */

/* Begin PBXFileReference section */
		3CB8B7E82E4F859D00B8BE5B /* HayHuman.app */ = {isa = PBXFileReference; explicitFileType = wrapper.application; includeInIndex = 0; path = HayHuman.app; sourceTree = BUILT_PRODUCTS_DIR; };
		3CB8B7F92E4F859F00B8BE5B /* HayHumanTests.xctest */ = {isa = PBXFileReference; explicitFileType = wrapper.cfbundle; includeInIndex = 0; path = HayHumanTests.xctest; sourceTree = BUILT_PRODUCTS_DIR; };
		3CB8B8032E4F859F00B8BE5B /* HayHumanUITests.xctest */ = {isa = PBXFileReference; explicitFileType = wrapper.cfbundle; includeInIndex = 0; path = HayHumanUITests.xctest; sourceTree = BUILT_PRODUCTS_DIR; };
/* End PBXFileReference section */

/* Begin PBXFileSystemSynchronizedRootGroup section */
		3CB8B7EA2E4F859D00B8BE5B /* HayHuman */ = {
			isa = PBXFileSystemSynchronizedRootGroup;
			path = HayHuman;
			sourceTree = "<group>";
		};
		3CB8B7FC2E4F859F00B8BE5B /* HayHumanTests */ = {
			isa = PBXFileSystemSynchronizedRootGroup;
			path = HayHumanTests;
			sourceTree = "<group>";
		};
		3CB8B8062E4F859F00B8BE5B /* HayHumanUITests */ = {
			isa = PBXFileSystemSynchronizedRootGroup;
			path = HayHumanUITests;
			sourceTree = "<group>";
		};
/* End PBXFileSystemSynchronizedRootGroup section */

/* Begin PBXFrameworksBuildPhase section */
		3CB8B7E52E4F859D00B8BE5B /* Frameworks */ = {
			isa = PBXFrameworksBuildPhase;
			buildActionMask = 2147483647;
			files = (
			);
			runOnlyForDeploymentPostprocessing = 0;
		};
		3CB8B7F62E4F859F00B8BE5B /* Frameworks */ = {
			isa = PBXFrameworksBuildPhase;
			buildActionMask = 2147483647;
			files = (
			);
			runOnlyForDeploymentPostprocessing = 0;
		};
		3CB8B8002E4F859F00B8BE5B /* Frameworks */ = {
			isa = PBXFrameworksBuildPhase;
			buildActionMask = 2147483647;
			files = (
			);
			runOnlyForDeploymentPostprocessing = 0;
		};
/* End PBXFrameworksBuildPhase section */

/* Begin PBXGroup section */
		3CB8B7DF2E4F859D00B8BE5B = {
			isa = PBXGroup;
			children = (
				3CB8B7EA2E4F859D00B8BE5B /* HayHuman */,
				3CB8B7FC2E4F859F00B8BE5B /* HayHumanTests */,
				3CB8B8062E4F859F00B8BE5B /* HayHumanUITests */,
				3CB8B7E92E4F859D00B8BE5B /* Products */,
			);
			sourceTree = "<group>";
		};
		3CB8B7E92E4F859D00B8BE5B /* Products */ = {
			isa = PBXGroup;
			children = (
				3CB8B7E82E4F859D00B8BE5B /* HayHuman.app */,
				3CB8B7F92E4F859F00B8BE5B /* HayHumanTests.xctest */,
				3CB8B8032E4F859F00B8BE5B /* HayHumanUITests.xctest */,
			);
			name = Products;
			sourceTree = "<group>";
		};
/* End PBXGroup section */

/* Begin PBXNativeTarget section */
		3CB8B7E72E4F859D00B8BE5B /* HayHuman */ = {
			isa = PBXNativeTarget;
			buildConfigurationList = 3CB8B80D2E4F859F00B8BE5B /* Build configuration list for PBXNativeTarget "HayHuman" */;
			buildPhases = (
				3CB8B7E42E4F859D00B8BE5B /* Sources */,
				3CB8B7E52E4F859D00B8BE5B /* Frameworks */,
				3CB8B7E62E4F859D00B8BE5B /* Resources */,
			);
			buildRules = (
			);
			dependencies = (
			);
			fileSystemSynchronizedGroups = (
				3CB8B7EA2E4F859D00B8BE5B /* HayHuman */,
			);
			name = HayHuman;
			packageProductDependencies = (
			);
			productName = HayHuman;
			productReference = 3CB8B7E82E4F859D00B8BE5B /* HayHuman.app */;
			productType = "com.apple.product-type.application";
		};
		3CB8B7F82E4F859F00B8BE5B /* HayHumanTests */ = {
			isa = PBXNativeTarget;
			buildConfigurationList = 3CB8B8102E4F859F00B8BE5B /* Build configuration list for PBXNativeTarget "HayHumanTests" */;
			buildPhases = (
				3CB8B7F52E4F859F00B8BE5B /* Sources */,
				3CB8B7F62E4F859F00B8BE5B /* Frameworks */,
				3CB8B7F72E4F859F00B8BE5B /* Resources */,
			);
			buildRules = (
			);
			dependencies = (
				3CB8B7FB2E4F859F00B8BE5B /* PBXTargetDependency */,
			);
			fileSystemSynchronizedGroups = (
				3CB8B7FC2E4F859F00B8BE5B /* HayHumanTests */,
			);
			name = HayHumanTests;
			packageProductDependencies = (
			);
			productName = HayHumanTests;
			productReference = 3CB8B7F92E4F859F00B8BE5B /* HayHumanTests.xctest */;
			productType = "com.apple.product-type.bundle.unit-test";
		};
		3CB8B8022E4F859F00B8BE5B /* HayHumanUITests */ = {
			isa = PBXNativeTarget;
			buildConfigurationList = 3CB8B8132E4F859F00B8BE5B /* Build configuration list for PBXNativeTarget "HayHumanUITests" */;
			buildPhases = (
				3CB8B7FF2E4F859F00B8BE5B /* Sources */,
				3CB8B8002E4F859F00B8BE5B /* Frameworks */,
				3CB8B8012E4F859F00B8BE5B /* Resources */,
			);
			buildRules = (
			);
			dependencies = (
				3CB8B8052E4F859F00B8BE5B /* PBXTargetDependency */,
			);
			fileSystemSynchronizedGroups = (
				3CB8B8062E4F859F00B8BE5B /* HayHumanUITests */,
			);
			name = HayHumanUITests;
			packageProductDependencies = (
			);
			productName = HayHumanUITests;
			productReference = 3CB8B8032E4F859F00B8BE5B /* HayHumanUITests.xctest */;
			productType = "com.apple.product-type.bundle.ui-testing";
		};
/* End PBXNativeTarget section */

/* Begin PBXProject section */
		3CB8B7E02E4F859D00B8BE5B /* Project object */ = {
			isa = PBXProject;
			attributes = {
				BuildIndependentTargetsInParallel = 1;
				LastSwiftUpdateCheck = 1620;
				LastUpgradeCheck = 1620;
				TargetAttributes = {
					3CB8B7E72E4F859D00B8BE5B = {
						CreatedOnToolsVersion = 16.2;
					};
					3CB8B7F82E4F859F00B8BE5B = {
						CreatedOnToolsVersion = 16.2;
						TestTargetID = 3CB8B7E72E4F859D00B8BE5B;
					};
					3CB8B8022E4F859F00B8BE5B = {
						CreatedOnToolsVersion = 16.2;
						TestTargetID = 3CB8B7E72E4F859D00B8BE5B;
					};
				};
			};
			buildConfigurationList = 3CB8B7E32E4F859D00B8BE5B /* Build configuration list for PBXProject "HayHuman" */;
			developmentRegion = en;
			hasScannedForEncodings = 0;
			knownRegions = (
				en,
				Base,
				ru,
				hy,
			);
			mainGroup = 3CB8B7DF2E4F859D00B8BE5B;
			minimizedProjectReferenceProxies = 1;
			preferredProjectObjectVersion = 77;
			productRefGroup = 3CB8B7E92E4F859D00B8BE5B /* Products */;
			projectDirPath = "";
			projectRoot = "";
			targets = (
				3CB8B7E72E4F859D00B8BE5B /* HayHuman */,
				3CB8B7F82E4F859F00B8BE5B /* HayHumanTests */,
				3CB8B8022E4F859F00B8BE5B /* HayHumanUITests */,
			);
		};
/* End PBXProject section */

/* Begin PBXResourcesBuildPhase section */
		3CB8B7E62E4F859D00B8BE5B /* Resources */ = {
			isa = PBXResourcesBuildPhase;
			buildActionMask = 2147483647;
			files = (
			);
			runOnlyForDeploymentPostprocessing = 0;
		};
		3CB8B7F72E4F859F00B8BE5B /* Resources */ = {
			isa = PBXResourcesBuildPhase;
			buildActionMask = 2147483647;
			files = (
			);
			runOnlyForDeploymentPostprocessing = 0;
		};
		3CB8B8012E4F859F00B8BE5B /* Resources */ = {
			isa = PBXResourcesBuildPhase;
			buildActionMask = 2147483647;
			files = (
			);
			runOnlyForDeploymentPostprocessing = 0;
		};
/* End PBXResourcesBuildPhase section */

/* Begin PBXSourcesBuildPhase section */
		3CB8B7E42E4F859D00B8BE5B /* Sources */ = {
			isa = PBXSourcesBuildPhase;
			buildActionMask = 2147483647;
			files = (
			);
			runOnlyForDeploymentPostprocessing = 0;
		};
		3CB8B7F52E4F859F00B8BE5B /* Sources */ = {
			isa = PBXSourcesBuildPhase;
			buildActionMask = 2147483647;
			files = (
			);
			runOnlyForDeploymentPostprocessing = 0;
		};
		3CB8B7FF2E4F859F00B8BE5B /* Sources */ = {
			isa = PBXSourcesBuildPhase;
			buildActionMask = 2147483647;
			files = (
			);
			runOnlyForDeploymentPostprocessing = 0;
		};
/* End PBXSourcesBuildPhase section */

/* Begin PBXTargetDependency section */
		3CB8B7FB2E4F859F00B8BE5B /* PBXTargetDependency */ = {
			isa = PBXTargetDependency;
			target = 3CB8B7E72E4F859D00B8BE5B /* HayHuman */;
			targetProxy = 3CB8B7FA2E4F859F00B8BE5B /* PBXContainerItemProxy */;
		};
		3CB8B8052E4F859F00B8BE5B /* PBXTargetDependency */ = {
			isa = PBXTargetDependency;
			target = 3CB8B7E72E4F859D00B8BE5B /* HayHuman */;
			targetProxy = 3CB8B8042E4F859F00B8BE5B /* PBXContainerItemProxy */;
		};
/* End PBXTargetDependency section */

/* Begin XCBuildConfiguration section */
		3CB8B80B2E4F859F00B8BE5B /* Debug */ = {
			isa = XCBuildConfiguration;
			buildSettings = {
				ALWAYS_SEARCH_USER_PATHS = NO;
				ASSETCATALOG_COMPILER_GENERATE_SWIFT_ASSET_SYMBOL_EXTENSIONS = YES;
				CLANG_ANALYZER_NONNULL = YES;
				CLANG_ANALYZER_NUMBER_OBJECT_CONVERSION = YES_AGGRESSIVE;
				CLANG_CXX_LANGUAGE_STANDARD = "gnu++20";
				CLANG_ENABLE_MODULES = YES;
				CLANG_ENABLE_OBJC_ARC = YES;
				CLANG_ENABLE_OBJC_WEAK = YES;
				CLANG_WARN_BLOCK_CAPTURE_AUTORELEASING = YES;
				CLANG_WARN_BOOL_CONVERSION = YES;
				CLANG_WARN_COMMA = YES;
				CLANG_WARN_CONSTANT_CONVERSION = YES;
				CLANG_WARN_DEPRECATED_OBJC_IMPLEMENTATIONS = YES;
				CLANG_WARN_DIRECT_OBJC_ISA_USAGE = YES_ERROR;
				CLANG_WARN_DOCUMENTATION_COMMENTS = YES;
				CLANG_WARN_EMPTY_BODY = YES;
				CLANG_WARN_ENUM_CONVERSION = YES;
				CLANG_WARN_INFINITE_RECURSION = YES;
				CLANG_WARN_INT_CONVERSION = YES;
				CLANG_WARN_NON_LITERAL_NULL_CONVERSION = YES;
				CLANG_WARN_OBJC_IMPLICIT_RETAIN_SELF = YES;
				CLANG_WARN_OBJC_LITERAL_CONVERSION = YES;
				CLANG_WARN_OBJC_ROOT_CLASS = YES_ERROR;
				CLANG_WARN_QUOTED_INCLUDE_IN_FRAMEWORK_HEADER = YES;
				CLANG_WARN_RANGE_LOOP_ANALYSIS = YES;
				CLANG_WARN_STRICT_PROTOTYPES = YES;
				CLANG_WARN_SUSPICIOUS_MOVE = YES;
				CLANG_WARN_UNGUARDED_AVAILABILITY = YES_AGGRESSIVE;
				CLANG_WARN_UNREACHABLE_CODE = YES;
				CLANG_WARN__DUPLICATE_METHOD_MATCH = YES;
				COPY_PHASE_STRIP = NO;
				DEBUG_INFORMATION_FORMAT = dwarf;
				ENABLE_STRICT_OBJC_MSGSEND = YES;
				ENABLE_TESTABILITY = YES;
				ENABLE_USER_SCRIPT_SANDBOXING = YES;
				GCC_C_LANGUAGE_STANDARD = gnu17;
				GCC_DYNAMIC_NO_PIC = NO;
				GCC_NO_COMMON_BLOCKS = YES;
				GCC_OPTIMIZATION_LEVEL = 0;
				GCC_PREPROCESSOR_DEFINITIONS = (
					"DEBUG=1",
					"$(inherited)",
				);
				GCC_WARN_64_TO_32_BIT_CONVERSION = YES;
				GCC_WARN_ABOUT_RETURN_TYPE = YES_ERROR;
				GCC_WARN_UNDECLARED_SELECTOR = YES;
				GCC_WARN_UNINITIALIZED_AUTOS = YES_AGGRESSIVE;
				GCC_WARN_UNUSED_FUNCTION = YES;
				GCC_WARN_UNUSED_VARIABLE = YES;
				LOCALIZATION_PREFERS_STRING_CATALOGS = YES;
				MTL_ENABLE_DEBUG_INFO = INCLUDE_SOURCE;
				MTL_FAST_MATH = YES;
				ONLY_ACTIVE_ARCH = YES;
				SWIFT_ACTIVE_COMPILATION_CONDITIONS = "DEBUG $(inherited)";
				SWIFT_EMIT_LOC_STRINGS = YES;
				SWIFT_OPTIMIZATION_LEVEL = "-Onone";
			};
			name = Debug;
		};
		3CB8B80C2E4F859F00B8BE5B /* Release */ = {
			isa = XCBuildConfiguration;
			buildSettings = {
				ALWAYS_SEARCH_USER_PATHS = NO;
				ASSETCATALOG_COMPILER_GENERATE_SWIFT_ASSET_SYMBOL_EXTENSIONS = YES;
				CLANG_ANALYZER_NONNULL = YES;
				CLANG_ANALYZER_NUMBER_OBJECT_CONVERSION = YES_AGGRESSIVE;
				CLANG_CXX_LANGUAGE_STANDARD = "gnu++20";
				CLANG_ENABLE_MODULES = YES;
				CLANG_ENABLE_OBJC_ARC = YES;
				CLANG_ENABLE_OBJC_WEAK = YES;
				CLANG_WARN_BLOCK_CAPTURE_AUTORELEASING = YES;
				CLANG_WARN_BOOL_CONVERSION = YES;
				CLANG_WARN_COMMA = YES;
				CLANG_WARN_CONSTANT_CONVERSION = YES;
				CLANG_WARN_DEPRECATED_OBJC_IMPLEMENTATIONS = YES;
				CLANG_WARN_DIRECT_OBJC_ISA_USAGE = YES_ERROR;
				CLANG_WARN_DOCUMENTATION_COMMENTS = YES;
				CLANG_WARN_EMPTY_BODY = YES;
				CLANG_WARN_ENUM_CONVERSION = YES;
				CLANG_WARN_INFINITE_RECURSION = YES;
				CLANG_WARN_INT_CONVERSION = YES;
				CLANG_WARN_NON_LITERAL_NULL_CONVERSION = YES;
				CLANG_WARN_OBJC_IMPLICIT_RETAIN_SELF = YES;
				CLANG_WARN_OBJC_LITERAL_CONVERSION = YES;
				CLANG_WARN_OBJC_ROOT_CLASS = YES_ERROR;
				CLANG_WARN_QUOTED_INCLUDE_IN_FRAMEWORK_HEADER = YES;
				CLANG_WARN_RANGE_LOOP_ANALYSIS = YES;
				CLANG_WARN_STRICT_PROTOTYPES = YES;
				CLANG_WARN_SUSPICIOUS_MOVE = YES;
				CLANG_WARN_UNGUARDED_AVAILABILITY = YES_AGGRESSIVE;
				CLANG_WARN_UNREACHABLE_CODE = YES;
				CLANG_WARN__DUPLICATE_METHOD_MATCH = YES;
				COPY_PHASE_STRIP = NO;
				DEBUG_INFORMATION_FORMAT = "dwarf-with-dsym";
				ENABLE_NS_ASSERTIONS = NO;
				ENABLE_STRICT_OBJC_MSGSEND = YES;
				ENABLE_USER_SCRIPT_SANDBOXING = YES;
				GCC_C_LANGUAGE_STANDARD = gnu17;
				GCC_NO_COMMON_BLOCKS = YES;
				GCC_WARN_64_TO_32_BIT_CONVERSION = YES;
				GCC_WARN_ABOUT_RETURN_TYPE = YES_ERROR;
				GCC_WARN_UNDECLARED_SELECTOR = YES;
				GCC_WARN_UNINITIALIZED_AUTOS = YES_AGGRESSIVE;
				GCC_WARN_UNUSED_FUNCTION = YES;
				GCC_WARN_UNUSED_VARIABLE = YES;
				LOCALIZATION_PREFERS_STRING_CATALOGS = YES;
				MTL_ENABLE_DEBUG_INFO = NO;
				MTL_FAST_MATH = YES;
				SWIFT_COMPILATION_MODE = wholemodule;
				SWIFT_EMIT_LOC_STRINGS = YES;
			};
			name = Release;
		};
		3CB8B80E2E4F859F00B8BE5B /* Debug */ = {
			isa = XCBuildConfiguration;
			buildSettings = {
				ASSETCATALOG_COMPILER_APPICON_NAME = AppIcon;
				ASSETCATALOG_COMPILER_GLOBAL_ACCENT_COLOR_NAME = AccentColor;
				CODE_SIGN_ENTITLEMENTS = HayHuman/HayHuman.entitlements;
				CODE_SIGN_STYLE = Automatic;
				CURRENT_PROJECT_VERSION = 1;
				DEVELOPMENT_ASSET_PATHS = "\"HayHuman/Preview Content\"";
				DEVELOPMENT_TEAM = PZ4TJ9HJ8L;
				ENABLE_HARDENED_RUNTIME = YES;
				ENABLE_PREVIEWS = YES;
				GENERATE_INFOPLIST_FILE = YES;
				INFOPLIST_KEY_NSLocationAlwaysAndWhenInUseUsageDescription = "Геолокация используется для нахождения ближайших церквей даже в фоне";
				INFOPLIST_KEY_NSLocationWhenInUseUsageDescription = "Мы используем вашу геолокацию, чтобы показывать ближайшие церкви.";
				"INFOPLIST_KEY_UIApplicationSceneManifest_Generation[sdk=iphoneos*]" = YES;
				"INFOPLIST_KEY_UIApplicationSceneManifest_Generation[sdk=iphonesimulator*]" = YES;
				"INFOPLIST_KEY_UIApplicationSupportsIndirectInputEvents[sdk=iphoneos*]" = YES;
				"INFOPLIST_KEY_UIApplicationSupportsIndirectInputEvents[sdk=iphonesimulator*]" = YES;
				"INFOPLIST_KEY_UILaunchScreen_Generation[sdk=iphoneos*]" = YES;
				"INFOPLIST_KEY_UILaunchScreen_Generation[sdk=iphonesimulator*]" = YES;
				"INFOPLIST_KEY_UIStatusBarStyle[sdk=iphoneos*]" = UIStatusBarStyleDefault;
				"INFOPLIST_KEY_UIStatusBarStyle[sdk=iphonesimulator*]" = UIStatusBarStyleDefault;
				INFOPLIST_KEY_UISupportedInterfaceOrientations = UIInterfaceOrientationPortrait;
				IPHONEOS_DEPLOYMENT_TARGET = 18.2;
				LD_RUNPATH_SEARCH_PATHS = "@executable_path/Frameworks";
				"LD_RUNPATH_SEARCH_PATHS[sdk=macosx*]" = "@executable_path/../Frameworks";
				MACOSX_DEPLOYMENT_TARGET = 14.6;
				MARKETING_VERSION = 1.0;
				PRODUCT_BUNDLE_IDENTIFIER = ru.varda.HayHuman;
				PRODUCT_NAME = "$(TARGET_NAME)";
				SDKROOT = auto;
				SUPPORTED_PLATFORMS = "iphoneos iphonesimulator macosx xros xrsimulator";
				SWIFT_EMIT_LOC_STRINGS = YES;
				SWIFT_VERSION = 5.0;
				TARGETED_DEVICE_FAMILY = "1,2,7";
				XROS_DEPLOYMENT_TARGET = 2.2;
			};
			name = Debug;
		};
		3CB8B80F2E4F859F00B8BE5B /* Release */ = {
			isa = XCBuildConfiguration;
			buildSettings = {
				ASSETCATALOG_COMPILER_APPICON_NAME = AppIcon;
				ASSETCATALOG_COMPILER_GLOBAL_ACCENT_COLOR_NAME = AccentColor;
				CODE_SIGN_ENTITLEMENTS = HayHuman/HayHuman.entitlements;
				CODE_SIGN_STYLE = Automatic;
				CURRENT_PROJECT_VERSION = 1;
				DEVELOPMENT_ASSET_PATHS = "\"HayHuman/Preview Content\"";
				DEVELOPMENT_TEAM = PZ4TJ9HJ8L;
				ENABLE_HARDENED_RUNTIME = YES;
				ENABLE_PREVIEWS = YES;
				GENERATE_INFOPLIST_FILE = YES;
				INFOPLIST_KEY_NSLocationAlwaysAndWhenInUseUsageDescription = "Геолокация используется для нахождения ближайших церквей даже в фоне";
				INFOPLIST_KEY_NSLocationWhenInUseUsageDescription = "Мы используем вашу геолокацию, чтобы показывать ближайшие церкви.";
				"INFOPLIST_KEY_UIApplicationSceneManifest_Generation[sdk=iphoneos*]" = YES;
				"INFOPLIST_KEY_UIApplicationSceneManifest_Generation[sdk=iphonesimulator*]" = YES;
				"INFOPLIST_KEY_UIApplicationSupportsIndirectInputEvents[sdk=iphoneos*]" = YES;
				"INFOPLIST_KEY_UIApplicationSupportsIndirectInputEvents[sdk=iphonesimulator*]" = YES;
				"INFOPLIST_KEY_UILaunchScreen_Generation[sdk=iphoneos*]" = YES;
				"INFOPLIST_KEY_UILaunchScreen_Generation[sdk=iphonesimulator*]" = YES;
				"INFOPLIST_KEY_UIStatusBarStyle[sdk=iphoneos*]" = UIStatusBarStyleDefault;
				"INFOPLIST_KEY_UIStatusBarStyle[sdk=iphonesimulator*]" = UIStatusBarStyleDefault;
				INFOPLIST_KEY_UISupportedInterfaceOrientations = UIInterfaceOrientationPortrait;
				IPHONEOS_DEPLOYMENT_TARGET = 18.2;
				LD_RUNPATH_SEARCH_PATHS = "@executable_path/Frameworks";
				"LD_RUNPATH_SEARCH_PATHS[sdk=macosx*]" = "@executable_path/../Frameworks";
				MACOSX_DEPLOYMENT_TARGET = 14.6;
				MARKETING_VERSION = 1.0;
				PRODUCT_BUNDLE_IDENTIFIER = ru.varda.HayHuman;
				PRODUCT_NAME = "$(TARGET_NAME)";
				SDKROOT = auto;
				SUPPORTED_PLATFORMS = "iphoneos iphonesimulator macosx xros xrsimulator";
				SWIFT_EMIT_LOC_STRINGS = YES;
				SWIFT_VERSION = 5.0;
				TARGETED_DEVICE_FAMILY = "1,2,7";
				XROS_DEPLOYMENT_TARGET = 2.2;
			};
			name = Release;
		};
		3CB8B8112E4F859F00B8BE5B /* Debug */ = {
			isa = XCBuildConfiguration;
			buildSettings = {
				BUNDLE_LOADER = "$(TEST_HOST)";
				CODE_SIGN_STYLE = Automatic;
				CURRENT_PROJECT_VERSION = 1;
				DEVELOPMENT_TEAM = PZ4TJ9HJ8L;
				GENERATE_INFOPLIST_FILE = YES;
				IPHONEOS_DEPLOYMENT_TARGET = 18.2;
				MACOSX_DEPLOYMENT_TARGET = 14.6;
				MARKETING_VERSION = 1.0;
				PRODUCT_BUNDLE_IDENTIFIER = ru.varda.HayHumanTests;
				PRODUCT_NAME = "$(TARGET_NAME)";
				SDKROOT = auto;
				SUPPORTED_PLATFORMS = "iphoneos iphonesimulator macosx xros xrsimulator";
				SWIFT_EMIT_LOC_STRINGS = NO;
				SWIFT_VERSION = 5.0;
				TARGETED_DEVICE_FAMILY = "1,2,7";
				TEST_HOST = "$(BUILT_PRODUCTS_DIR)/HayHuman.app/$(BUNDLE_EXECUTABLE_FOLDER_PATH)/HayHuman";
				XROS_DEPLOYMENT_TARGET = 2.2;
			};
			name = Debug;
		};
		3CB8B8122E4F859F00B8BE5B /* Release */ = {
			isa = XCBuildConfiguration;
			buildSettings = {
				BUNDLE_LOADER = "$(TEST_HOST)";
				CODE_SIGN_STYLE = Automatic;
				CURRENT_PROJECT_VERSION = 1;
				DEVELOPMENT_TEAM = PZ4TJ9HJ8L;
				GENERATE_INFOPLIST_FILE = YES;
				IPHONEOS_DEPLOYMENT_TARGET = 18.2;
				MACOSX_DEPLOYMENT_TARGET = 14.6;
				MARKETING_VERSION = 1.0;
				PRODUCT_BUNDLE_IDENTIFIER = ru.varda.HayHumanTests;
				PRODUCT_NAME = "$(TARGET_NAME)";
				SDKROOT = auto;
				SUPPORTED_PLATFORMS = "iphoneos iphonesimulator macosx xros xrsimulator";
				SWIFT_EMIT_LOC_STRINGS = NO;
				SWIFT_VERSION = 5.0;
				TARGETED_DEVICE_FAMILY = "1,2,7";
				TEST_HOST = "$(BUILT_PRODUCTS_DIR)/HayHuman.app/$(BUNDLE_EXECUTABLE_FOLDER_PATH)/HayHuman";
				XROS_DEPLOYMENT_TARGET = 2.2;
			};
			name = Release;
		};
		3CB8B8142E4F859F00B8BE5B /* Debug */ = {
			isa = XCBuildConfiguration;
			buildSettings = {
				CODE_SIGN_STYLE = Automatic;
				CURRENT_PROJECT_VERSION = 1;
				DEVELOPMENT_TEAM = PZ4TJ9HJ8L;
				GENERATE_INFOPLIST_FILE = YES;
				IPHONEOS_DEPLOYMENT_TARGET = 18.2;
				MACOSX_DEPLOYMENT_TARGET = 14.6;
				MARKETING_VERSION = 1.0;
				PRODUCT_BUNDLE_IDENTIFIER = ru.varda.HayHumanUITests;
				PRODUCT_NAME = "$(TARGET_NAME)";
				SDKROOT = auto;
				SUPPORTED_PLATFORMS = "iphoneos iphonesimulator macosx xros xrsimulator";
				SWIFT_EMIT_LOC_STRINGS = NO;
				SWIFT_VERSION = 5.0;
				TARGETED_DEVICE_FAMILY = "1,2,7";
				TEST_TARGET_NAME = HayHuman;
				XROS_DEPLOYMENT_TARGET = 2.2;
			};
			name = Debug;
		};
		3CB8B8152E4F859F00B8BE5B /* Release */ = {
			isa = XCBuildConfiguration;
			buildSettings = {
				CODE_SIGN_STYLE = Automatic;
				CURRENT_PROJECT_VERSION = 1;
				DEVELOPMENT_TEAM = PZ4TJ9HJ8L;
				GENERATE_INFOPLIST_FILE = YES;
				IPHONEOS_DEPLOYMENT_TARGET = 18.2;
				MACOSX_DEPLOYMENT_TARGET = 14.6;
				MARKETING_VERSION = 1.0;
				PRODUCT_BUNDLE_IDENTIFIER = ru.varda.HayHumanUITests;
				PRODUCT_NAME = "$(TARGET_NAME)";
				SDKROOT = auto;
				SUPPORTED_PLATFORMS = "iphoneos iphonesimulator macosx xros xrsimulator";
				SWIFT_EMIT_LOC_STRINGS = NO;
				SWIFT_VERSION = 5.0;
				TARGETED_DEVICE_FAMILY = "1,2,7";
				TEST_TARGET_NAME = HayHuman;
				XROS_DEPLOYMENT_TARGET = 2.2;
			};
			name = Release;
		};
/* End XCBuildConfiguration section */

/* Begin XCConfigurationList section */
		3CB8B7E32E4F859D00B8BE5B /* Build configuration list for PBXProject "HayHuman" */ = {
			isa = XCConfigurationList;
			buildConfigurations = (
				3CB8B80B2E4F859F00B8BE5B /* Debug */,
				3CB8B80C2E4F859F00B8BE5B /* Release */,
			);
			defaultConfigurationIsVisible = 0;
			defaultConfigurationName = Release;
		};
		3CB8B80D2E4F859F00B8BE5B /* Build configuration list for PBXNativeTarget "HayHuman" */ = {
			isa = XCConfigurationList;
			buildConfigurations = (
				3CB8B80E2E4F859F00B8BE5B /* Debug */,
				3CB8B80F2E4F859F00B8BE5B /* Release */,
			);
			defaultConfigurationIsVisible = 0;
			defaultConfigurationName = Release;
		};
		3CB8B8102E4F859F00B8BE5B /* Build configuration list for PBXNativeTarget "HayHumanTests" */ = {
			isa = XCConfigurationList;
			buildConfigurations = (
				3CB8B8112E4F859F00B8BE5B /* Debug */,
				3CB8B8122E4F859F00B8BE5B /* Release */,
			);
			defaultConfigurationIsVisible = 0;
			defaultConfigurationName = Release;
		};
		3CB8B8132E4F859F00B8BE5B /* Build configuration list for PBXNativeTarget "HayHumanUITests" */ = {
			isa = XCConfigurationList;
			buildConfigurations = (
				3CB8B8142E4F859F00B8BE5B /* Debug */,
				3CB8B8152E4F859F00B8BE5B /* Release */,
			);
			defaultConfigurationIsVisible = 0;
			defaultConfigurationName = Release;
		};
/* End XCConfigurationList section */
	};
	rootObject = 3CB8B7E02E4F859D00B8BE5B /* Project object */;
}
